// !$*UTF8*$!
{
	archiveVersion = 1;
	classes = {
	};
	objectVersion = 77;
	objects = {

/* Begin PBXContainerItemProxy section */
		F7EC91BB2D6AB33A003949A9 /* PBXContainerItemProxy */ = {
			isa = PBXContainerItemProxy;
			containerPortal = F7EC91A22D6AB334003949A9 /* Project object */;
			proxyType = 1;
			remoteGlobalIDString = F7EC91A92D6AB334003949A9;
			remoteInfo = "Bruckner Device";
		};
		F7EC91C52D6AB33A003949A9 /* PBXContainerItemProxy */ = {
			isa = PBXContainerItemProxy;
			containerPortal = F7EC91A22D6AB334003949A9 /* Project object */;
			proxyType = 1;
			remoteGlobalIDString = F7EC91A92D6AB334003949A9;
			remoteInfo = "Bruckner Device";
		};
/* End PBXContainerItemProxy section */

/* Begin PBXFileReference section */
		F7EC91AA2D6AB334003949A9 /* Bruckner Device.app */ = {isa = PBXFileReference; explicitFileType = wrapper.application; includeInIndex = 0; path = "Bruckner Device.app"; sourceTree = BUILT_PRODUCTS_DIR; };
		F7EC91BA2D6AB33A003949A9 /* Bruckner DeviceTests.xctest */ = {isa = PBXFileReference; explicitFileType = wrapper.cfbundle; includeInIndex = 0; path = "Bruckner DeviceTests.xctest"; sourceTree = BUILT_PRODUCTS_DIR; };
		F7EC91C42D6AB33A003949A9 /* Bruckner DeviceUITests.xctest */ = {isa = PBXFileReference; explicitFileType = wrapper.cfbundle; includeInIndex = 0; path = "Bruckner DeviceUITests.xctest"; sourceTree = BUILT_PRODUCTS_DIR; };
/* End PBXFileReference section */

/* Begin PBXFileSystemSynchronizedRootGroup section */
		F7EC91AC2D6AB334003949A9 /* Bruckner Device */ = {
			isa = PBXFileSystemSynchronizedRootGroup;
			path = "Bruckner Device";
			sourceTree = "<group>";
		};
		F7EC91BD2D6AB33A003949A9 /* Bruckner DeviceTests */ = {
			isa = PBXFileSystemSynchronizedRootGroup;
			path = "Bruckner DeviceTests";
			sourceTree = "<group>";
		};
		F7EC91C72D6AB33A003949A9 /* Bruckner DeviceUITests */ = {
			isa = PBXFileSystemSynchronizedRootGroup;
			path = "Bruckner DeviceUITests";
			sourceTree = "<group>";
		};
/* End PBXFileSystemSynchronizedRootGroup section */

/* Begin PBXFrameworksBuildPhase section */
		F7EC91A72D6AB334003949A9 /* Frameworks */ = {
			isa = PBXFrameworksBuildPhase;
			buildActionMask = 2147483647;
			files = (
			);
			runOnlyForDeploymentPostprocessing = 0;
		};
		F7EC91B72D6AB33A003949A9 /* Frameworks */ = {
			isa = PBXFrameworksBuildPhase;
			buildActionMask = 2147483647;
			files = (
			);
			runOnlyForDeploymentPostprocessing = 0;
		};
		F7EC91C12D6AB33A003949A9 /* Frameworks */ = {
			isa = PBXFrameworksBuildPhase;
			buildActionMask = 2147483647;
			files = (
			);
			runOnlyForDeploymentPostprocessing = 0;
		};
/* End PBXFrameworksBuildPhase section */

/* Begin PBXGroup section */
		F7EC91A12D6AB334003949A9 = {
			isa = PBXGroup;
			children = (
				F7EC91AC2D6AB334003949A9 /* Bruckner Device */,
				F7EC91BD2D6AB33A003949A9 /* Bruckner DeviceTests */,
				F7EC91C72D6AB33A003949A9 /* Bruckner DeviceUITests */,
				F7EC91AB2D6AB334003949A9 /* Products */,
			);
			sourceTree = "<group>";
		};
		F7EC91AB2D6AB334003949A9 /* Products */ = {
			isa = PBXGroup;
			children = (
				F7EC91AA2D6AB334003949A9 /* Bruckner Device.app */,
				F7EC91BA2D6AB33A003949A9 /* Bruckner DeviceTests.xctest */,
				F7EC91C42D6AB33A003949A9 /* Bruckner DeviceUITests.xctest */,
			);
			name = Products;
			sourceTree = "<group>";
		};
/* End PBXGroup section */

/* Begin PBXNativeTarget section */
		F7EC91A92D6AB334003949A9 /* Bruckner Device */ = {
			isa = PBXNativeTarget;
			buildConfigurationList = F7EC91CE2D6AB33A003949A9 /* Build configuration list for PBXNativeTarget "Bruckner Device" */;
			buildPhases = (
				F7EC91A62D6AB334003949A9 /* Sources */,
				F7EC91A72D6AB334003949A9 /* Frameworks */,
				F7EC91A82D6AB334003949A9 /* Resources */,
			);
			buildRules = (
			);
			dependencies = (
			);
			fileSystemSynchronizedGroups = (
				F7EC91AC2D6AB334003949A9 /* Bruckner Device */,
			);
			name = "Bruckner Device";
			packageProductDependencies = (
			);
			productName = "Bruckner Device";
			productReference = F7EC91AA2D6AB334003949A9 /* Bruckner Device.app */;
			productType = "com.apple.product-type.application";
		};
		F7EC91B92D6AB33A003949A9 /* Bruckner DeviceTests */ = {
			isa = PBXNativeTarget;
			buildConfigurationList = F7EC91D12D6AB33A003949A9 /* Build configuration list for PBXNativeTarget "Bruckner DeviceTests" */;
			buildPhases = (
				F7EC91B62D6AB33A003949A9 /* Sources */,
				F7EC91B72D6AB33A003949A9 /* Frameworks */,
				F7EC91B82D6AB33A003949A9 /* Resources */,
			);
			buildRules = (
			);
			dependencies = (
				F7EC91BC2D6AB33A003949A9 /* PBXTargetDependency */,
			);
			fileSystemSynchronizedGroups = (
				F7EC91BD2D6AB33A003949A9 /* Bruckner DeviceTests */,
			);
			name = "Bruckner DeviceTests";
			packageProductDependencies = (
			);
			productName = "Bruckner DeviceTests";
			productReference = F7EC91BA2D6AB33A003949A9 /* Bruckner DeviceTests.xctest */;
			productType = "com.apple.product-type.bundle.unit-test";
		};
		F7EC91C32D6AB33A003949A9 /* Bruckner DeviceUITests */ = {
			isa = PBXNativeTarget;
			buildConfigurationList = F7EC91D42D6AB33A003949A9 /* Build configuration list for PBXNativeTarget "Bruckner DeviceUITests" */;
			buildPhases = (
				F7EC91C02D6AB33A003949A9 /* Sources */,
				F7EC91C12D6AB33A003949A9 /* Frameworks */,
				F7EC91C22D6AB33A003949A9 /* Resources */,
			);
			buildRules = (
			);
			dependencies = (
				F7EC91C62D6AB33A003949A9 /* PBXTargetDependency */,
			);
			fileSystemSynchronizedGroups = (
				F7EC91C72D6AB33A003949A9 /* Bruckner DeviceUITests */,
			);
			name = "Bruckner DeviceUITests";
			packageProductDependencies = (
			);
			productName = "Bruckner DeviceUITests";
			productReference = F7EC91C42D6AB33A003949A9 /* Bruckner DeviceUITests.xctest */;
			productType = "com.apple.product-type.bundle.ui-testing";
		};
/* End PBXNativeTarget section */

/* Begin PBXProject section */
		F7EC91A22D6AB334003949A9 /* Project object */ = {
			isa = PBXProject;
			attributes = {
				BuildIndependentTargetsInParallel = 1;
				LastSwiftUpdateCheck = 1620;
				LastUpgradeCheck = 1620;
				TargetAttributes = {
					F7EC91A92D6AB334003949A9 = {
						CreatedOnToolsVersion = 16.2;
					};
					F7EC91B92D6AB33A003949A9 = {
						CreatedOnToolsVersion = 16.2;
						TestTargetID = F7EC91A92D6AB334003949A9;
					};
					F7EC91C32D6AB33A003949A9 = {
						CreatedOnToolsVersion = 16.2;
						TestTargetID = F7EC91A92D6AB334003949A9;
					};
				};
			};
			buildConfigurationList = F7EC91A52D6AB334003949A9 /* Build configuration list for PBXProject "Bruckner Device" */;
			developmentRegion = en;
			hasScannedForEncodings = 0;
			knownRegions = (
				en,
				Base,
			);
			mainGroup = F7EC91A12D6AB334003949A9;
			minimizedProjectReferenceProxies = 1;
			preferredProjectObjectVersion = 77;
			productRefGroup = F7EC91AB2D6AB334003949A9 /* Products */;
			projectDirPath = "";
			projectRoot = "";
			targets = (
				F7EC91A92D6AB334003949A9 /* Bruckner Device */,
				F7EC91B92D6AB33A003949A9 /* Bruckner DeviceTests */,
				F7EC91C32D6AB33A003949A9 /* Bruckner DeviceUITests */,
			);
		};
/* End PBXProject section */

/* Begin PBXResourcesBuildPhase section */
		F7EC91A82D6AB334003949A9 /* Resources */ = {
			isa = PBXResourcesBuildPhase;
			buildActionMask = 2147483647;
			files = (
			);
			runOnlyForDeploymentPostprocessing = 0;
		};
		F7EC91B82D6AB33A003949A9 /* Resources */ = {
			isa = PBXResourcesBuildPhase;
			buildActionMask = 2147483647;
			files = (
			);
			runOnlyForDeploymentPostprocessing = 0;
		};
		F7EC91C22D6AB33A003949A9 /* Resources */ = {
			isa = PBXResourcesBuildPhase;
			buildActionMask = 2147483647;
			files = (
			);
			runOnlyForDeploymentPostprocessing = 0;
		};
/* End PBXResourcesBuildPhase section */

/* Begin PBXSourcesBuildPhase section */
		F7EC91A62D6AB334003949A9 /* Sources */ = {
			isa = PBXSourcesBuildPhase;
			buildActionMask = 2147483647;
			files = (
			);
			runOnlyForDeploymentPostprocessing = 0;
		};
		F7EC91B62D6AB33A003949A9 /* Sources */ = {
			isa = PBXSourcesBuildPhase;
			buildActionMask = 2147483647;
			files = (
			);
			runOnlyForDeploymentPostprocessing = 0;
		};
		F7EC91C02D6AB33A003949A9 /* Sources */ = {
			isa = PBXSourcesBuildPhase;
			buildActionMask = 2147483647;
			files = (
			);
			runOnlyForDeploymentPostprocessing = 0;
		};
/* End PBXSourcesBuildPhase section */

/* Begin PBXTargetDependency section */
		F7EC91BC2D6AB33A003949A9 /* PBXTargetDependency */ = {
			isa = PBXTargetDependency;
			target = F7EC91A92D6AB334003949A9 /* Bruckner Device */;
			targetProxy = F7EC91BB2D6AB33A003949A9 /* PBXContainerItemProxy */;
		};
		F7EC91C62D6AB33A003949A9 /* PBXTargetDependency */ = {
			isa = PBXTargetDependency;
			target = F7EC91A92D6AB334003949A9 /* Bruckner Device */;
			targetProxy = F7EC91C52D6AB33A003949A9 /* PBXContainerItemProxy */;
		};
/* End PBXTargetDependency section */

/* Begin XCBuildConfiguration section */
		F7EC91CC2D6AB33A003949A9 /* Debug */ = {
			isa = XCBuildConfiguration;
			buildSettings = {
				ALWAYS_SEARCH_USER_PATHS = NO;
				ASSETCATALOG_COMPILER_GENERATE_SWIFT_ASSET_SYMBOL_EXTENSIONS = YES;
				CLANG_ANALYZER_NONNULL = YES;
				CLANG_ANALYZER_NUMBER_OBJECT_CONVERSION = YES_AGGRESSIVE;
				CLANG_CXX_LANGUAGE_STANDARD = "gnu++20";
				CLANG_ENABLE_MODULES = YES;
				CLANG_ENABLE_OBJC_ARC = YES;
				CLANG_ENABLE_OBJC_WEAK = YES;
				CLANG_WARN_BLOCK_CAPTURE_AUTORELEASING = YES;
				CLANG_WARN_BOOL_CONVERSION = YES;
				CLANG_WARN_COMMA = YES;
				CLANG_WARN_CONSTANT_CONVERSION = YES;
				CLANG_WARN_DEPRECATED_OBJC_IMPLEMENTATIONS = YES;
				CLANG_WARN_DIRECT_OBJC_ISA_USAGE = YES_ERROR;
				CLANG_WARN_DOCUMENTATION_COMMENTS = YES;
				CLANG_WARN_EMPTY_BODY = YES;
				CLANG_WARN_ENUM_CONVERSION = YES;
				CLANG_WARN_INFINITE_RECURSION = YES;
				CLANG_WARN_INT_CONVERSION = YES;
				CLANG_WARN_NON_LITERAL_NULL_CONVERSION = YES;
				CLANG_WARN_OBJC_IMPLICIT_RETAIN_SELF = YES;
				CLANG_WARN_OBJC_LITERAL_CONVERSION = YES;
				CLANG_WARN_OBJC_ROOT_CLASS = YES_ERROR;
				CLANG_WARN_QUOTED_INCLUDE_IN_FRAMEWORK_HEADER = YES;
				CLANG_WARN_RANGE_LOOP_ANALYSIS = YES;
				CLANG_WARN_STRICT_PROTOTYPES = YES;
				CLANG_WARN_SUSPICIOUS_MOVE = YES;
				CLANG_WARN_UNGUARDED_AVAILABILITY = YES_AGGRESSIVE;
				CLANG_WARN_UNREACHABLE_CODE = YES;
				CLANG_WARN__DUPLICATE_METHOD_MATCH = YES;
				COPY_PHASE_STRIP = NO;
				DEBUG_INFORMATION_FORMAT = dwarf;
				ENABLE_STRICT_OBJC_MSGSEND = YES;
				ENABLE_TESTABILITY = YES;
				ENABLE_USER_SCRIPT_SANDBOXING = YES;
				GCC_C_LANGUAGE_STANDARD = gnu17;
				GCC_DYNAMIC_NO_PIC = NO;
				GCC_NO_COMMON_BLOCKS = YES;
				GCC_OPTIMIZATION_LEVEL = 0;
				GCC_PREPROCESSOR_DEFINITIONS = (
					"DEBUG=1",
					"$(inherited)",
				);
				GCC_WARN_64_TO_32_BIT_CONVERSION = YES;
				GCC_WARN_ABOUT_RETURN_TYPE = YES_ERROR;
				GCC_WARN_UNDECLARED_SELECTOR = YES;
				GCC_WARN_UNINITIALIZED_AUTOS = YES_AGGRESSIVE;
				GCC_WARN_UNUSED_FUNCTION = YES;
				GCC_WARN_UNUSED_VARIABLE = YES;
				IPHONEOS_DEPLOYMENT_TARGET = 18.2;
				LOCALIZATION_PREFERS_STRING_CATALOGS = YES;
				MTL_ENABLE_DEBUG_INFO = INCLUDE_SOURCE;
				MTL_FAST_MATH = YES;
				ONLY_ACTIVE_ARCH = YES;
				SDKROOT = iphoneos;
				SWIFT_ACTIVE_COMPILATION_CONDITIONS = "DEBUG $(inherited)";
				SWIFT_OPTIMIZATION_LEVEL = "-Onone";
			};
			name = Debug;
		};
		F7EC91CD2D6AB33A003949A9 /* Release */ = {
			isa = XCBuildConfiguration;
			buildSettings = {
				ALWAYS_SEARCH_USER_PATHS = NO;
				ASSETCATALOG_COMPILER_GENERATE_SWIFT_ASSET_SYMBOL_EXTENSIONS = YES;
				CLANG_ANALYZER_NONNULL = YES;
				CLANG_ANALYZER_NUMBER_OBJECT_CONVERSION = YES_AGGRESSIVE;
				CLANG_CXX_LANGUAGE_STANDARD = "gnu++20";
				CLANG_ENABLE_MODULES = YES;
				CLANG_ENABLE_OBJC_ARC = YES;
				CLANG_ENABLE_OBJC_WEAK = YES;
				CLANG_WARN_BLOCK_CAPTURE_AUTORELEASING = YES;
				CLANG_WARN_BOOL_CONVERSION = YES;
				CLANG_WARN_COMMA = YES;
				CLANG_WARN_CONSTANT_CONVERSION = YES;
				CLANG_WARN_DEPRECATED_OBJC_IMPLEMENTATIONS = YES;
				CLANG_WARN_DIRECT_OBJC_ISA_USAGE = YES_ERROR;
				CLANG_WARN_DOCUMENTATION_COMMENTS = YES;
				CLANG_WARN_EMPTY_BODY = YES;
				CLANG_WARN_ENUM_CONVERSION = YES;
				CLANG_WARN_INFINITE_RECURSION = YES;
				CLANG_WARN_INT_CONVERSION = YES;
				CLANG_WARN_NON_LITERAL_NULL_CONVERSION = YES;
				CLANG_WARN_OBJC_IMPLICIT_RETAIN_SELF = YES;
				CLANG_WARN_OBJC_LITERAL_CONVERSION = YES;
				CLANG_WARN_OBJC_ROOT_CLASS = YES_ERROR;
				CLANG_WARN_QUOTED_INCLUDE_IN_FRAMEWORK_HEADER = YES;
				CLANG_WARN_RANGE_LOOP_ANALYSIS = YES;
				CLANG_WARN_STRICT_PROTOTYPES = YES;
				CLANG_WARN_SUSPICIOUS_MOVE = YES;
				CLANG_WARN_UNGUARDED_AVAILABILITY = YES_AGGRESSIVE;
				CLANG_WARN_UNREACHABLE_CODE = YES;
				CLANG_WARN__DUPLICATE_METHOD_MATCH = YES;
				COPY_PHASE_STRIP = NO;
				DEBUG_INFORMATION_FORMAT = "dwarf-with-dsym";
				ENABLE_NS_ASSERTIONS = NO;
				ENABLE_STRICT_OBJC_MSGSEND = YES;
				ENABLE_USER_SCRIPT_SANDBOXING = YES;
				GCC_C_LANGUAGE_STANDARD = gnu17;
				GCC_NO_COMMON_BLOCKS = YES;
				GCC_WARN_64_TO_32_BIT_CONVERSION = YES;
				GCC_WARN_ABOUT_RETURN_TYPE = YES_ERROR;
				GCC_WARN_UNDECLARED_SELECTOR = YES;
				GCC_WARN_UNINITIALIZED_AUTOS = YES_AGGRESSIVE;
				GCC_WARN_UNUSED_FUNCTION = YES;
				GCC_WARN_UNUSED_VARIABLE = YES;
				IPHONEOS_DEPLOYMENT_TARGET = 18.2;
				LOCALIZATION_PREFERS_STRING_CATALOGS = YES;
				MTL_ENABLE_DEBUG_INFO = NO;
				MTL_FAST_MATH = YES;
				SDKROOT = iphoneos;
				SWIFT_COMPILATION_MODE = wholemodule;
				VALIDATE_PRODUCT = YES;
			};
			name = Release;
		};
		F7EC91CF2D6AB33A003949A9 /* Debug */ = {
			isa = XCBuildConfiguration;
			buildSettings = {
				ASSETCATALOG_COMPILER_APPICON_NAME = AppIcon;
				ASSETCATALOG_COMPILER_GLOBAL_ACCENT_COLOR_NAME = AccentColor;
				CODE_SIGN_STYLE = Automatic;
				CURRENT_PROJECT_VERSION = 1;
				DEVELOPMENT_ASSET_PATHS = "\"Bruckner Device/Preview Content\"";
				DEVELOPMENT_TEAM = 2X792CPSD3;
				ENABLE_PREVIEWS = YES;
				GENERATE_INFOPLIST_FILE = YES;
				INFOPLIST_KEY_UIApplicationSceneManifest_Generation = YES;
				INFOPLIST_KEY_UIApplicationSupportsIndirectInputEvents = YES;
				INFOPLIST_KEY_UILaunchScreen_Generation = YES;
				INFOPLIST_KEY_UISupportedInterfaceOrientations_iPad = "UIInterfaceOrientationPortrait UIInterfaceOrientationPortraitUpsideDown UIInterfaceOrientationLandscapeLeft UIInterfaceOrientationLandscapeRight";
				INFOPLIST_KEY_UISupportedInterfaceOrientations_iPhone = "UIInterfaceOrientationPortrait UIInterfaceOrientationLandscapeLeft UIInterfaceOrientationLandscapeRight";
				LD_RUNPATH_SEARCH_PATHS = (
					"$(inherited)",
					"@executable_path/Frameworks",
				);
				MARKETING_VERSION = 1.0;
				PRODUCT_BUNDLE_IDENTIFIER = "com.mitschlagel.Bruckner-Device";
				PRODUCT_NAME = "$(TARGET_NAME)";
				SWIFT_EMIT_LOC_STRINGS = YES;
				SWIFT_VERSION = 5.0;
				TARGETED_DEVICE_FAMILY = "1,2";
			};
			name = Debug;
		};
		F7EC91D02D6AB33A003949A9 /* Release */ = {
			isa = XCBuildConfiguration;
			buildSettings = {
				ASSETCATALOG_COMPILER_APPICON_NAME = AppIcon;
				ASSETCATALOG_COMPILER_GLOBAL_ACCENT_COLOR_NAME = AccentColor;
				CODE_SIGN_STYLE = Automatic;
				CURRENT_PROJECT_VERSION = 1;
				DEVELOPMENT_ASSET_PATHS = "\"Bruckner Device/Preview Content\"";
				DEVELOPMENT_TEAM = 2X792CPSD3;
				ENABLE_PREVIEWS = YES;
				GENERATE_INFOPLIST_FILE = YES;
				INFOPLIST_KEY_UIApplicationSceneManifest_Generation = YES;
				INFOPLIST_KEY_UIApplicationSupportsIndirectInputEvents = YES;
				INFOPLIST_KEY_UILaunchScreen_Generation = YES;
				INFOPLIST_KEY_UISupportedInterfaceOrientations_iPad = "UIInterfaceOrientationPortrait UIInterfaceOrientationPortraitUpsideDown UIInterfaceOrientationLandscapeLeft UIInterfaceOrientationLandscapeRight";
				INFOPLIST_KEY_UISupportedInterfaceOrientations_iPhone = "UIInterfaceOrientationPortrait UIInterfaceOrientationLandscapeLeft UIInterfaceOrientationLandscapeRight";
				LD_RUNPATH_SEARCH_PATHS = (
					"$(inherited)",
					"@executable_path/Frameworks",
				);
				MARKETING_VERSION = 1.0;
				PRODUCT_BUNDLE_IDENTIFIER = "com.mitschlagel.Bruckner-Device";
				PRODUCT_NAME = "$(TARGET_NAME)";
				SWIFT_EMIT_LOC_STRINGS = YES;
				SWIFT_VERSION = 5.0;
				TARGETED_DEVICE_FAMILY = "1,2";
			};
			name = Release;
		};
		F7EC91D22D6AB33A003949A9 /* Debug */ = {
			isa = XCBuildConfiguration;
			buildSettings = {
				BUNDLE_LOADER = "$(TEST_HOST)";
				CODE_SIGN_STYLE = Automatic;
				CURRENT_PROJECT_VERSION = 1;
				DEVELOPMENT_TEAM = 2X792CPSD3;
				GENERATE_INFOPLIST_FILE = YES;
				IPHONEOS_DEPLOYMENT_TARGET = 18.2;
				MARKETING_VERSION = 1.0;
				PRODUCT_BUNDLE_IDENTIFIER = "com.mitschlagel.Bruckner-DeviceTests";
				PRODUCT_NAME = "$(TARGET_NAME)";
				SWIFT_EMIT_LOC_STRINGS = NO;
				SWIFT_VERSION = 5.0;
				TARGETED_DEVICE_FAMILY = "1,2";
				TEST_HOST = "$(BUILT_PRODUCTS_DIR)/Bruckner Device.app/$(BUNDLE_EXECUTABLE_FOLDER_PATH)/Bruckner Device";
			};
			name = Debug;
		};
		F7EC91D32D6AB33A003949A9 /* Release */ = {
			isa = XCBuildConfiguration;
			buildSettings = {
				BUNDLE_LOADER = "$(TEST_HOST)";
				CODE_SIGN_STYLE = Automatic;
				CURRENT_PROJECT_VERSION = 1;
				DEVELOPMENT_TEAM = 2X792CPSD3;
				GENERATE_INFOPLIST_FILE = YES;
				IPHONEOS_DEPLOYMENT_TARGET = 18.2;
				MARKETING_VERSION = 1.0;
				PRODUCT_BUNDLE_IDENTIFIER = "com.mitschlagel.Bruckner-DeviceTests";
				PRODUCT_NAME = "$(TARGET_NAME)";
				SWIFT_EMIT_LOC_STRINGS = NO;
				SWIFT_VERSION = 5.0;
				TARGETED_DEVICE_FAMILY = "1,2";
				TEST_HOST = "$(BUILT_PRODUCTS_DIR)/Bruckner Device.app/$(BUNDLE_EXECUTABLE_FOLDER_PATH)/Bruckner Device";
			};
			name = Release;
		};
		F7EC91D52D6AB33A003949A9 /* Debug */ = {
			isa = XCBuildConfiguration;
			buildSettings = {
				CODE_SIGN_STYLE = Automatic;
				CURRENT_PROJECT_VERSION = 1;
				DEVELOPMENT_TEAM = 2X792CPSD3;
				GENERATE_INFOPLIST_FILE = YES;
				MARKETING_VERSION = 1.0;
				PRODUCT_BUNDLE_IDENTIFIER = "com.mitschlagel.Bruckner-DeviceUITests";
				PRODUCT_NAME = "$(TARGET_NAME)";
				SWIFT_EMIT_LOC_STRINGS = NO;
				SWIFT_VERSION = 5.0;
				TARGETED_DEVICE_FAMILY = "1,2";
				TEST_TARGET_NAME = "Bruckner Device";
			};
			name = Debug;
		};
		F7EC91D62D6AB33A003949A9 /* Release */ = {
			isa = XCBuildConfiguration;
			buildSettings = {
				CODE_SIGN_STYLE = Automatic;
				CURRENT_PROJECT_VERSION = 1;
				DEVELOPMENT_TEAM = 2X792CPSD3;
				GENERATE_INFOPLIST_FILE = YES;
				MARKETING_VERSION = 1.0;
				PRODUCT_BUNDLE_IDENTIFIER = "com.mitschlagel.Bruckner-DeviceUITests";
				PRODUCT_NAME = "$(TARGET_NAME)";
				SWIFT_EMIT_LOC_STRINGS = NO;
				SWIFT_VERSION = 5.0;
				TARGETED_DEVICE_FAMILY = "1,2";
				TEST_TARGET_NAME = "Bruckner Device";
			};
			name = Release;
		};
/* End XCBuildConfiguration section */

/* Begin XCConfigurationList section */
		F7EC91A52D6AB334003949A9 /* Build configuration list for PBXProject "Bruckner Device" */ = {
			isa = XCConfigurationList;
			buildConfigurations = (
				F7EC91CC2D6AB33A003949A9 /* Debug */,
				F7EC91CD2D6AB33A003949A9 /* Release */,
			);
			defaultConfigurationIsVisible = 0;
			defaultConfigurationName = Release;
		};
		F7EC91CE2D6AB33A003949A9 /* Build configuration list for PBXNativeTarget "Bruckner Device" */ = {
			isa = XCConfigurationList;
			buildConfigurations = (
				F7EC91CF2D6AB33A003949A9 /* Debug */,
				F7EC91D02D6AB33A003949A9 /* Release */,
			);
			defaultConfigurationIsVisible = 0;
			defaultConfigurationName = Release;
		};
		F7EC91D12D6AB33A003949A9 /* Build configuration list for PBXNativeTarget "Bruckner DeviceTests" */ = {
			isa = XCConfigurationList;
			buildConfigurations = (
				F7EC91D22D6AB33A003949A9 /* Debug */,
				F7EC91D32D6AB33A003949A9 /* Release */,
			);
			defaultConfigurationIsVisible = 0;
			defaultConfigurationName = Release;
		};
		F7EC91D42D6AB33A003949A9 /* Build configuration list for PBXNativeTarget "Bruckner DeviceUITests" */ = {
			isa = XCConfigurationList;
			buildConfigurations = (
				F7EC91D52D6AB33A003949A9 /* Debug */,
				F7EC91D62D6AB33A003949A9 /* Release */,
			);
			defaultConfigurationIsVisible = 0;
			defaultConfigurationName = Release;
		};
/* End XCConfigurationList section */
	};
	rootObject = F7EC91A22D6AB334003949A9 /* Project object */;
}
